// !$*UTF8*$!
{
	archiveVersion = 1;
	classes = {
	};
	objectVersion = 50;
	objects = {

/* Begin PBXBuildFile section */
		CE1934D9258A44230040F3F0 /* AppDelegate.swift in Sources */ = {isa = PBXBuildFile; fileRef = CE1934D8258A44230040F3F0 /* AppDelegate.swift */; };
		CE1934DB258A44230040F3F0 /* SceneDelegate.swift in Sources */ = {isa = PBXBuildFile; fileRef = CE1934DA258A44230040F3F0 /* SceneDelegate.swift */; };
		CE1934DD258A44230040F3F0 /* WelcomeVC.swift in Sources */ = {isa = PBXBuildFile; fileRef = CE1934DC258A44230040F3F0 /* WelcomeVC.swift */; };
		CE1934E0258A44230040F3F0 /* Main.storyboard in Resources */ = {isa = PBXBuildFile; fileRef = CE1934DE258A44230040F3F0 /* Main.storyboard */; };
		CE1934E2258A44270040F3F0 /* Assets.xcassets in Resources */ = {isa = PBXBuildFile; fileRef = CE1934E1258A44270040F3F0 /* Assets.xcassets */; };
		CE1934E5258A44270040F3F0 /* LaunchScreen.storyboard in Resources */ = {isa = PBXBuildFile; fileRef = CE1934E3258A44270040F3F0 /* LaunchScreen.storyboard */; };
		CE1934F0258A44280040F3F0 /* swooshTests.swift in Sources */ = {isa = PBXBuildFile; fileRef = CE1934EF258A44280040F3F0 /* swooshTests.swift */; };
		CE1934FB258A44280040F3F0 /* swooshUITests.swift in Sources */ = {isa = PBXBuildFile; fileRef = CE1934FA258A44280040F3F0 /* swooshUITests.swift */; };
		CE19350D258A4A490040F3F0 /* border-button.swift in Sources */ = {isa = PBXBuildFile; fileRef = CE19350C258A4A490040F3F0 /* border-button.swift */; };
		CEFEFBDD2593473E00719916 /* LeagueVC.swift in Sources */ = {isa = PBXBuildFile; fileRef = CEFEFBDC2593473E00719916 /* LeagueVC.swift */; };
		CEFEFBE22593476200719916 /* SkillVC.swift in Sources */ = {isa = PBXBuildFile; fileRef = CEFEFBE12593476200719916 /* SkillVC.swift */; };
		CEFEFBE72593633300719916 /* Player.swift in Sources */ = {isa = PBXBuildFile; fileRef = CEFEFBE62593633300719916 /* Player.swift */; };
/* End PBXBuildFile section */

/* Begin PBXContainerItemProxy section */
		CE1934EC258A44280040F3F0 /* PBXContainerItemProxy */ = {
			isa = PBXContainerItemProxy;
			containerPortal = CE1934CD258A44230040F3F0 /* Project object */;
			proxyType = 1;
			remoteGlobalIDString = CE1934D4258A44230040F3F0;
			remoteInfo = swoosh;
		};
		CE1934F7258A44280040F3F0 /* PBXContainerItemProxy */ = {
			isa = PBXContainerItemProxy;
			containerPortal = CE1934CD258A44230040F3F0 /* Project object */;
			proxyType = 1;
			remoteGlobalIDString = CE1934D4258A44230040F3F0;
			remoteInfo = swoosh;
		};
/* End PBXContainerItemProxy section */

/* Begin PBXFileReference section */
		CE1934D5258A44230040F3F0 /* swoosh.app */ = {isa = PBXFileReference; explicitFileType = wrapper.application; includeInIndex = 0; path = swoosh.app; sourceTree = BUILT_PRODUCTS_DIR; };
		CE1934D8258A44230040F3F0 /* AppDelegate.swift */ = {isa = PBXFileReference; lastKnownFileType = sourcecode.swift; path = AppDelegate.swift; sourceTree = "<group>"; };
		CE1934DA258A44230040F3F0 /* SceneDelegate.swift */ = {isa = PBXFileReference; lastKnownFileType = sourcecode.swift; path = SceneDelegate.swift; sourceTree = "<group>"; };
		CE1934DC258A44230040F3F0 /* WelcomeVC.swift */ = {isa = PBXFileReference; lastKnownFileType = sourcecode.swift; path = WelcomeVC.swift; sourceTree = "<group>"; };
		CE1934DF258A44230040F3F0 /* Base */ = {isa = PBXFileReference; lastKnownFileType = file.storyboard; name = Base; path = Base.lproj/Main.storyboard; sourceTree = "<group>"; };
		CE1934E1258A44270040F3F0 /* Assets.xcassets */ = {isa = PBXFileReference; lastKnownFileType = folder.assetcatalog; path = Assets.xcassets; sourceTree = "<group>"; };
		CE1934E4258A44270040F3F0 /* Base */ = {isa = PBXFileReference; lastKnownFileType = file.storyboard; name = Base; path = Base.lproj/LaunchScreen.storyboard; sourceTree = "<group>"; };
		CE1934E6258A44270040F3F0 /* Info.plist */ = {isa = PBXFileReference; lastKnownFileType = text.plist.xml; path = Info.plist; sourceTree = "<group>"; };
		CE1934EB258A44280040F3F0 /* swooshTests.xctest */ = {isa = PBXFileReference; explicitFileType = wrapper.cfbundle; includeInIndex = 0; path = swooshTests.xctest; sourceTree = BUILT_PRODUCTS_DIR; };
		CE1934EF258A44280040F3F0 /* swooshTests.swift */ = {isa = PBXFileReference; lastKnownFileType = sourcecode.swift; path = swooshTests.swift; sourceTree = "<group>"; };
		CE1934F1258A44280040F3F0 /* Info.plist */ = {isa = PBXFileReference; lastKnownFileType = text.plist.xml; path = Info.plist; sourceTree = "<group>"; };
		CE1934F6258A44280040F3F0 /* swooshUITests.xctest */ = {isa = PBXFileReference; explicitFileType = wrapper.cfbundle; includeInIndex = 0; path = swooshUITests.xctest; sourceTree = BUILT_PRODUCTS_DIR; };
		CE1934FA258A44280040F3F0 /* swooshUITests.swift */ = {isa = PBXFileReference; lastKnownFileType = sourcecode.swift; path = swooshUITests.swift; sourceTree = "<group>"; };
		CE1934FC258A44280040F3F0 /* Info.plist */ = {isa = PBXFileReference; lastKnownFileType = text.plist.xml; path = Info.plist; sourceTree = "<group>"; };
		CE19350C258A4A490040F3F0 /* border-button.swift */ = {isa = PBXFileReference; lastKnownFileType = sourcecode.swift; path = "border-button.swift"; sourceTree = "<group>"; };
		CEFEFBDC2593473E00719916 /* LeagueVC.swift */ = {isa = PBXFileReference; lastKnownFileType = sourcecode.swift; path = LeagueVC.swift; sourceTree = "<group>"; };
		CEFEFBE12593476200719916 /* SkillVC.swift */ = {isa = PBXFileReference; lastKnownFileType = sourcecode.swift; path = SkillVC.swift; sourceTree = "<group>"; };
		CEFEFBE62593633300719916 /* Player.swift */ = {isa = PBXFileReference; lastKnownFileType = sourcecode.swift; path = Player.swift; sourceTree = "<group>"; };
/* End PBXFileReference section */

/* Begin PBXFrameworksBuildPhase section */
		CE1934D2258A44230040F3F0 /* Frameworks */ = {
			isa = PBXFrameworksBuildPhase;
			buildActionMask = 2147483647;
			files = (
			);
			runOnlyForDeploymentPostprocessing = 0;
		};
		CE1934E8258A44280040F3F0 /* Frameworks */ = {
			isa = PBXFrameworksBuildPhase;
			buildActionMask = 2147483647;
			files = (
			);
			runOnlyForDeploymentPostprocessing = 0;
		};
		CE1934F3258A44280040F3F0 /* Frameworks */ = {
			isa = PBXFrameworksBuildPhase;
			buildActionMask = 2147483647;
			files = (
			);
			runOnlyForDeploymentPostprocessing = 0;
		};
/* End PBXFrameworksBuildPhase section */

/* Begin PBXGroup section */
		CE1934CC258A44230040F3F0 = {
			isa = PBXGroup;
			children = (
				CE1934D7258A44230040F3F0 /* swoosh */,
				CE1934EE258A44280040F3F0 /* swooshTests */,
				CE1934F9258A44280040F3F0 /* swooshUITests */,
				CE1934D6258A44230040F3F0 /* Products */,
			);
			sourceTree = "<group>";
		};
		CE1934D6258A44230040F3F0 /* Products */ = {
			isa = PBXGroup;
			children = (
				CE1934D5258A44230040F3F0 /* swoosh.app */,
				CE1934EB258A44280040F3F0 /* swooshTests.xctest */,
				CE1934F6258A44280040F3F0 /* swooshUITests.xctest */,
			);
			name = Products;
			sourceTree = "<group>";
		};
		CE1934D7258A44230040F3F0 /* swoosh */ = {
			isa = PBXGroup;
			children = (
				CEFEFBD8259344BD00719916 /* Model */,
				CEFEFBD7259344B500719916 /* Controller */,
				CE19350B258A49D50040F3F0 /* View */,
				CE1934D8258A44230040F3F0 /* AppDelegate.swift */,
				CE1934DA258A44230040F3F0 /* SceneDelegate.swift */,
				CE1934DE258A44230040F3F0 /* Main.storyboard */,
				CE1934E1258A44270040F3F0 /* Assets.xcassets */,
				CE1934E3258A44270040F3F0 /* LaunchScreen.storyboard */,
				CE1934E6258A44270040F3F0 /* Info.plist */,
			);
			path = swoosh;
			sourceTree = "<group>";
		};
		CE1934EE258A44280040F3F0 /* swooshTests */ = {
			isa = PBXGroup;
			children = (
				CE1934EF258A44280040F3F0 /* swooshTests.swift */,
				CE1934F1258A44280040F3F0 /* Info.plist */,
			);
			path = swooshTests;
			sourceTree = "<group>";
		};
		CE1934F9258A44280040F3F0 /* swooshUITests */ = {
			isa = PBXGroup;
			children = (
				CE1934FA258A44280040F3F0 /* swooshUITests.swift */,
				CE1934FC258A44280040F3F0 /* Info.plist */,
			);
			path = swooshUITests;
			sourceTree = "<group>";
		};
		CE19350B258A49D50040F3F0 /* View */ = {
			isa = PBXGroup;
			children = (
				CE19350C258A4A490040F3F0 /* border-button.swift */,
			);
			path = View;
			sourceTree = "<group>";
		};
		CEFEFBD7259344B500719916 /* Controller */ = {
			isa = PBXGroup;
			children = (
				CE1934DC258A44230040F3F0 /* WelcomeVC.swift */,
				CEFEFBDC2593473E00719916 /* LeagueVC.swift */,
				CEFEFBE12593476200719916 /* SkillVC.swift */,
			);
			path = Controller;
			sourceTree = "<group>";
		};
		CEFEFBD8259344BD00719916 /* Model */ = {
			isa = PBXGroup;
			children = (
				CEFEFBE62593633300719916 /* Player.swift */,
			);
			path = Model;
			sourceTree = "<group>";
		};
/* End PBXGroup section */

/* Begin PBXNativeTarget section */
		CE1934D4258A44230040F3F0 /* swoosh */ = {
			isa = PBXNativeTarget;
			buildConfigurationList = CE1934FF258A44280040F3F0 /* Build configuration list for PBXNativeTarget "swoosh" */;
			buildPhases = (
				CE1934D1258A44230040F3F0 /* Sources */,
				CE1934D2258A44230040F3F0 /* Frameworks */,
				CE1934D3258A44230040F3F0 /* Resources */,
			);
			buildRules = (
			);
			dependencies = (
			);
			name = swoosh;
			productName = swoosh;
			productReference = CE1934D5258A44230040F3F0 /* swoosh.app */;
			productType = "com.apple.product-type.application";
		};
		CE1934EA258A44280040F3F0 /* swooshTests */ = {
			isa = PBXNativeTarget;
			buildConfigurationList = CE193502258A44280040F3F0 /* Build configuration list for PBXNativeTarget "swooshTests" */;
			buildPhases = (
				CE1934E7258A44280040F3F0 /* Sources */,
				CE1934E8258A44280040F3F0 /* Frameworks */,
				CE1934E9258A44280040F3F0 /* Resources */,
			);
			buildRules = (
			);
			dependencies = (
				CE1934ED258A44280040F3F0 /* PBXTargetDependency */,
			);
			name = swooshTests;
			productName = swooshTests;
			productReference = CE1934EB258A44280040F3F0 /* swooshTests.xctest */;
			productType = "com.apple.product-type.bundle.unit-test";
		};
		CE1934F5258A44280040F3F0 /* swooshUITests */ = {
			isa = PBXNativeTarget;
			buildConfigurationList = CE193505258A44280040F3F0 /* Build configuration list for PBXNativeTarget "swooshUITests" */;
			buildPhases = (
				CE1934F2258A44280040F3F0 /* Sources */,
				CE1934F3258A44280040F3F0 /* Frameworks */,
				CE1934F4258A44280040F3F0 /* Resources */,
			);
			buildRules = (
			);
			dependencies = (
				CE1934F8258A44280040F3F0 /* PBXTargetDependency */,
			);
			name = swooshUITests;
			productName = swooshUITests;
			productReference = CE1934F6258A44280040F3F0 /* swooshUITests.xctest */;
			productType = "com.apple.product-type.bundle.ui-testing";
		};
/* End PBXNativeTarget section */

/* Begin PBXProject section */
		CE1934CD258A44230040F3F0 /* Project object */ = {
			isa = PBXProject;
			attributes = {
				LastSwiftUpdateCheck = 1200;
				LastUpgradeCheck = 1200;
				TargetAttributes = {
					CE1934D4258A44230040F3F0 = {
						CreatedOnToolsVersion = 12.0.1;
					};
					CE1934EA258A44280040F3F0 = {
						CreatedOnToolsVersion = 12.0.1;
						TestTargetID = CE1934D4258A44230040F3F0;
					};
					CE1934F5258A44280040F3F0 = {
						CreatedOnToolsVersion = 12.0.1;
						TestTargetID = CE1934D4258A44230040F3F0;
					};
				};
			};
			buildConfigurationList = CE1934D0258A44230040F3F0 /* Build configuration list for PBXProject "swoosh" */;
			compatibilityVersion = "Xcode 9.3";
			developmentRegion = en;
			hasScannedForEncodings = 0;
			knownRegions = (
				en,
				Base,
			);
			mainGroup = CE1934CC258A44230040F3F0;
			productRefGroup = CE1934D6258A44230040F3F0 /* Products */;
			projectDirPath = "";
			projectRoot = "";
			targets = (
				CE1934D4258A44230040F3F0 /* swoosh */,
				CE1934EA258A44280040F3F0 /* swooshTests */,
				CE1934F5258A44280040F3F0 /* swooshUITests */,
			);
		};
/* End PBXProject section */

/* Begin PBXResourcesBuildPhase section */
		CE1934D3258A44230040F3F0 /* Resources */ = {
			isa = PBXResourcesBuildPhase;
			buildActionMask = 2147483647;
			files = (
				CE1934E5258A44270040F3F0 /* LaunchScreen.storyboard in Resources */,
				CE1934E2258A44270040F3F0 /* Assets.xcassets in Resources */,
				CE1934E0258A44230040F3F0 /* Main.storyboard in Resources */,
			);
			runOnlyForDeploymentPostprocessing = 0;
		};
		CE1934E9258A44280040F3F0 /* Resources */ = {
			isa = PBXResourcesBuildPhase;
			buildActionMask = 2147483647;
			files = (
			);
			runOnlyForDeploymentPostprocessing = 0;
		};
		CE1934F4258A44280040F3F0 /* Resources */ = {
			isa = PBXResourcesBuildPhase;
			buildActionMask = 2147483647;
			files = (
			);
			runOnlyForDeploymentPostprocessing = 0;
		};
/* End PBXResourcesBuildPhase section */

/* Begin PBXSourcesBuildPhase section */
		CE1934D1258A44230040F3F0 /* Sources */ = {
			isa = PBXSourcesBuildPhase;
			buildActionMask = 2147483647;
			files = (
				CEFEFBDD2593473E00719916 /* LeagueVC.swift in Sources */,
				CE1934DD258A44230040F3F0 /* WelcomeVC.swift in Sources */,
				CE19350D258A4A490040F3F0 /* border-button.swift in Sources */,
				CE1934D9258A44230040F3F0 /* AppDelegate.swift in Sources */,
				CEFEFBE72593633300719916 /* Player.swift in Sources */,
				CEFEFBE22593476200719916 /* SkillVC.swift in Sources */,
				CE1934DB258A44230040F3F0 /* SceneDelegate.swift in Sources */,
			);
			runOnlyForDeploymentPostprocessing = 0;
		};
		CE1934E7258A44280040F3F0 /* Sources */ = {
			isa = PBXSourcesBuildPhase;
			buildActionMask = 2147483647;
			files = (
				CE1934F0258A44280040F3F0 /* swooshTests.swift in Sources */,
			);
			runOnlyForDeploymentPostprocessing = 0;
		};
		CE1934F2258A44280040F3F0 /* Sources */ = {
			isa = PBXSourcesBuildPhase;
			buildActionMask = 2147483647;
			files = (
				CE1934FB258A44280040F3F0 /* swooshUITests.swift in Sources */,
			);
			runOnlyForDeploymentPostprocessing = 0;
		};
/* End PBXSourcesBuildPhase section */

/* Begin PBXTargetDependency section */
		CE1934ED258A44280040F3F0 /* PBXTargetDependency */ = {
			isa = PBXTargetDependency;
			target = CE1934D4258A44230040F3F0 /* swoosh */;
			targetProxy = CE1934EC258A44280040F3F0 /* PBXContainerItemProxy */;
		};
		CE1934F8258A44280040F3F0 /* PBXTargetDependency */ = {
			isa = PBXTargetDependency;
			target = CE1934D4258A44230040F3F0 /* swoosh */;
			targetProxy = CE1934F7258A44280040F3F0 /* PBXContainerItemProxy */;
		};
/* End PBXTargetDependency section */

/* Begin PBXVariantGroup section */
		CE1934DE258A44230040F3F0 /* Main.storyboard */ = {
			isa = PBXVariantGroup;
			children = (
				CE1934DF258A44230040F3F0 /* Base */,
			);
			name = Main.storyboard;
			sourceTree = "<group>";
		};
		CE1934E3258A44270040F3F0 /* LaunchScreen.storyboard */ = {
			isa = PBXVariantGroup;
			children = (
				CE1934E4258A44270040F3F0 /* Base */,
			);
			name = LaunchScreen.storyboard;
			sourceTree = "<group>";
		};
/* End PBXVariantGroup section */

/* Begin XCBuildConfiguration section */
		CE1934FD258A44280040F3F0 /* Debug */ = {
			isa = XCBuildConfiguration;
			buildSettings = {
				ALWAYS_SEARCH_USER_PATHS = NO;
				CLANG_ANALYZER_NONNULL = YES;
				CLANG_ANALYZER_NUMBER_OBJECT_CONVERSION = YES_AGGRESSIVE;
				CLANG_CXX_LANGUAGE_STANDARD = "gnu++14";
				CLANG_CXX_LIBRARY = "libc++";
				CLANG_ENABLE_MODULES = YES;
				CLANG_ENABLE_OBJC_ARC = YES;
				CLANG_ENABLE_OBJC_WEAK = YES;
				CLANG_WARN_BLOCK_CAPTURE_AUTORELEASING = YES;
				CLANG_WARN_BOOL_CONVERSION = YES;
				CLANG_WARN_COMMA = YES;
				CLANG_WARN_CONSTANT_CONVERSION = YES;
				CLANG_WARN_DEPRECATED_OBJC_IMPLEMENTATIONS = YES;
				CLANG_WARN_DIRECT_OBJC_ISA_USAGE = YES_ERROR;
				CLANG_WARN_DOCUMENTATION_COMMENTS = YES;
				CLANG_WARN_EMPTY_BODY = YES;
				CLANG_WARN_ENUM_CONVERSION = YES;
				CLANG_WARN_INFINITE_RECURSION = YES;
				CLANG_WARN_INT_CONVERSION = YES;
				CLANG_WARN_NON_LITERAL_NULL_CONVERSION = YES;
				CLANG_WARN_OBJC_IMPLICIT_RETAIN_SELF = YES;
				CLANG_WARN_OBJC_LITERAL_CONVERSION = YES;
				CLANG_WARN_OBJC_ROOT_CLASS = YES_ERROR;
				CLANG_WARN_QUOTED_INCLUDE_IN_FRAMEWORK_HEADER = YES;
				CLANG_WARN_RANGE_LOOP_ANALYSIS = YES;
				CLANG_WARN_STRICT_PROTOTYPES = YES;
				CLANG_WARN_SUSPICIOUS_MOVE = YES;
				CLANG_WARN_UNGUARDED_AVAILABILITY = YES_AGGRESSIVE;
				CLANG_WARN_UNREACHABLE_CODE = YES;
				CLANG_WARN__DUPLICATE_METHOD_MATCH = YES;
				COPY_PHASE_STRIP = NO;
				DEBUG_INFORMATION_FORMAT = dwarf;
				ENABLE_STRICT_OBJC_MSGSEND = YES;
				ENABLE_TESTABILITY = YES;
				GCC_C_LANGUAGE_STANDARD = gnu11;
				GCC_DYNAMIC_NO_PIC = NO;
				GCC_NO_COMMON_BLOCKS = YES;
				GCC_OPTIMIZATION_LEVEL = 0;
				GCC_PREPROCESSOR_DEFINITIONS = (
					"DEBUG=1",
					"$(inherited)",
				);
				GCC_WARN_64_TO_32_BIT_CONVERSION = YES;
				GCC_WARN_ABOUT_RETURN_TYPE = YES_ERROR;
				GCC_WARN_UNDECLARED_SELECTOR = YES;
				GCC_WARN_UNINITIALIZED_AUTOS = YES_AGGRESSIVE;
				GCC_WARN_UNUSED_FUNCTION = YES;
				GCC_WARN_UNUSED_VARIABLE = YES;
				IPHONEOS_DEPLOYMENT_TARGET = 14.0;
				MTL_ENABLE_DEBUG_INFO = INCLUDE_SOURCE;
				MTL_FAST_MATH = YES;
				ONLY_ACTIVE_ARCH = YES;
				SDKROOT = iphoneos;
				SWIFT_ACTIVE_COMPILATION_CONDITIONS = DEBUG;
				SWIFT_OPTIMIZATION_LEVEL = "-Onone";
			};
			name = Debug;
		};
		CE1934FE258A44280040F3F0 /* Release */ = {
			isa = XCBuildConfiguration;
			buildSettings = {
				ALWAYS_SEARCH_USER_PATHS = NO;
				CLANG_ANALYZER_NONNULL = YES;
				CLANG_ANALYZER_NUMBER_OBJECT_CONVERSION = YES_AGGRESSIVE;
				CLANG_CXX_LANGUAGE_STANDARD = "gnu++14";
				CLANG_CXX_LIBRARY = "libc++";
				CLANG_ENABLE_MODULES = YES;
				CLANG_ENABLE_OBJC_ARC = YES;
				CLANG_ENABLE_OBJC_WEAK = YES;
				CLANG_WARN_BLOCK_CAPTURE_AUTORELEASING = YES;
				CLANG_WARN_BOOL_CONVERSION = YES;
				CLANG_WARN_COMMA = YES;
				CLANG_WARN_CONSTANT_CONVERSION = YES;
				CLANG_WARN_DEPRECATED_OBJC_IMPLEMENTATIONS = YES;
				CLANG_WARN_DIRECT_OBJC_ISA_USAGE = YES_ERROR;
				CLANG_WARN_DOCUMENTATION_COMMENTS = YES;
				CLANG_WARN_EMPTY_BODY = YES;
				CLANG_WARN_ENUM_CONVERSION = YES;
				CLANG_WARN_INFINITE_RECURSION = YES;
				CLANG_WARN_INT_CONVERSION = YES;
				CLANG_WARN_NON_LITERAL_NULL_CONVERSION = YES;
				CLANG_WARN_OBJC_IMPLICIT_RETAIN_SELF = YES;
				CLANG_WARN_OBJC_LITERAL_CONVERSION = YES;
				CLANG_WARN_OBJC_ROOT_CLASS = YES_ERROR;
				CLANG_WARN_QUOTED_INCLUDE_IN_FRAMEWORK_HEADER = YES;
				CLANG_WARN_RANGE_LOOP_ANALYSIS = YES;
				CLANG_WARN_STRICT_PROTOTYPES = YES;
				CLANG_WARN_SUSPICIOUS_MOVE = YES;
				CLANG_WARN_UNGUARDED_AVAILABILITY = YES_AGGRESSIVE;
				CLANG_WARN_UNREACHABLE_CODE = YES;
				CLANG_WARN__DUPLICATE_METHOD_MATCH = YES;
				COPY_PHASE_STRIP = NO;
				DEBUG_INFORMATION_FORMAT = "dwarf-with-dsym";
				ENABLE_NS_ASSERTIONS = NO;
				ENABLE_STRICT_OBJC_MSGSEND = YES;
				GCC_C_LANGUAGE_STANDARD = gnu11;
				GCC_NO_COMMON_BLOCKS = YES;
				GCC_WARN_64_TO_32_BIT_CONVERSION = YES;
				GCC_WARN_ABOUT_RETURN_TYPE = YES_ERROR;
				GCC_WARN_UNDECLARED_SELECTOR = YES;
				GCC_WARN_UNINITIALIZED_AUTOS = YES_AGGRESSIVE;
				GCC_WARN_UNUSED_FUNCTION = YES;
				GCC_WARN_UNUSED_VARIABLE = YES;
				IPHONEOS_DEPLOYMENT_TARGET = 14.0;
				MTL_ENABLE_DEBUG_INFO = NO;
				MTL_FAST_MATH = YES;
				SDKROOT = iphoneos;
				SWIFT_COMPILATION_MODE = wholemodule;
				SWIFT_OPTIMIZATION_LEVEL = "-O";
				VALIDATE_PRODUCT = YES;
			};
			name = Release;
		};
		CE193500258A44280040F3F0 /* Debug */ = {
			isa = XCBuildConfiguration;
			buildSettings = {
				ASSETCATALOG_COMPILER_APPICON_NAME = AppIcon;
				ASSETCATALOG_COMPILER_GLOBAL_ACCENT_COLOR_NAME = AccentColor;
				CODE_SIGN_STYLE = Automatic;
				INFOPLIST_FILE = swoosh/Info.plist;
				LD_RUNPATH_SEARCH_PATHS = (
					"$(inherited)",
					"@executable_path/Frameworks",
				);
				PRODUCT_BUNDLE_IDENTIFIER = test.swoosh;
				PRODUCT_NAME = "$(TARGET_NAME)";
				SWIFT_VERSION = 5.0;
				TARGETED_DEVICE_FAMILY = "1,2";
			};
			name = Debug;
		};
		CE193501258A44280040F3F0 /* Release */ = {
			isa = XCBuildConfiguration;
			buildSettings = {
				ASSETCATALOG_COMPILER_APPICON_NAME = AppIcon;
				ASSETCATALOG_COMPILER_GLOBAL_ACCENT_COLOR_NAME = AccentColor;
				CODE_SIGN_STYLE = Automatic;
				INFOPLIST_FILE = swoosh/Info.plist;
				LD_RUNPATH_SEARCH_PATHS = (
					"$(inherited)",
					"@executable_path/Frameworks",
				);
				PRODUCT_BUNDLE_IDENTIFIER = test.swoosh;
				PRODUCT_NAME = "$(TARGET_NAME)";
				SWIFT_VERSION = 5.0;
				TARGETED_DEVICE_FAMILY = "1,2";
			};
			name = Release;
		};
		CE193503258A44280040F3F0 /* Debug */ = {
			isa = XCBuildConfiguration;
			buildSettings = {
				ALWAYS_EMBED_SWIFT_STANDARD_LIBRARIES = YES;
				BUNDLE_LOADER = "$(TEST_HOST)";
				CODE_SIGN_STYLE = Automatic;
				INFOPLIST_FILE = swooshTests/Info.plist;
				IPHONEOS_DEPLOYMENT_TARGET = 14.0;
				LD_RUNPATH_SEARCH_PATHS = (
					"$(inherited)",
					"@executable_path/Frameworks",
					"@loader_path/Frameworks",
				);
				PRODUCT_BUNDLE_IDENTIFIER = test.swooshTests;
				PRODUCT_NAME = "$(TARGET_NAME)";
				SWIFT_VERSION = 5.0;
				TARGETED_DEVICE_FAMILY = "1,2";
				TEST_HOST = "$(BUILT_PRODUCTS_DIR)/swoosh.app/swoosh";
			};
			name = Debug;
		};
		CE193504258A44280040F3F0 /* Release */ = {
			isa = XCBuildConfiguration;
			buildSettings = {
				ALWAYS_EMBED_SWIFT_STANDARD_LIBRARIES = YES;
				BUNDLE_LOADER = "$(TEST_HOST)";
				CODE_SIGN_STYLE = Automatic;
				INFOPLIST_FILE = swooshTests/Info.plist;
				IPHONEOS_DEPLOYMENT_TARGET = 14.0;
				LD_RUNPATH_SEARCH_PATHS = (
					"$(inherited)",
					"@executable_path/Frameworks",
					"@loader_path/Frameworks",
				);
				PRODUCT_BUNDLE_IDENTIFIER = test.swooshTests;
				PRODUCT_NAME = "$(TARGET_NAME)";
				SWIFT_VERSION = 5.0;
				TARGETED_DEVICE_FAMILY = "1,2";
				TEST_HOST = "$(BUILT_PRODUCTS_DIR)/swoosh.app/swoosh";
			};
			name = Release;
		};
		CE193506258A44280040F3F0 /* Debug */ = {
			isa = XCBuildConfiguration;
			buildSettings = {
				ALWAYS_EMBED_SWIFT_STANDARD_LIBRARIES = YES;
				CODE_SIGN_STYLE = Automatic;
				INFOPLIST_FILE = swooshUITests/Info.plist;
				LD_RUNPATH_SEARCH_PATHS = (
					"$(inherited)",
					"@executable_path/Frameworks",
					"@loader_path/Frameworks",
				);
				PRODUCT_BUNDLE_IDENTIFIER = test.swooshUITests;
				PRODUCT_NAME = "$(TARGET_NAME)";
				SWIFT_VERSION = 5.0;
				TARGETED_DEVICE_FAMILY = "1,2";
				TEST_TARGET_NAME = swoosh;
			};
			name = Debug;
		};
		CE193507258A44280040F3F0 /* Release */ = {
			isa = XCBuildConfiguration;
			buildSettings = {
				ALWAYS_EMBED_SWIFT_STANDARD_LIBRARIES = YES;
				CODE_SIGN_STYLE = Automatic;
				INFOPLIST_FILE = swooshUITests/Info.plist;
				LD_RUNPATH_SEARCH_PATHS = (
					"$(inherited)",
					"@executable_path/Frameworks",
					"@loader_path/Frameworks",
				);
				PRODUCT_BUNDLE_IDENTIFIER = test.swooshUITests;
				PRODUCT_NAME = "$(TARGET_NAME)";
				SWIFT_VERSION = 5.0;
				TARGETED_DEVICE_FAMILY = "1,2";
				TEST_TARGET_NAME = swoosh;
			};
			name = Release;
		};
/* End XCBuildConfiguration section */

/* Begin XCConfigurationList section */
		CE1934D0258A44230040F3F0 /* Build configuration list for PBXProject "swoosh" */ = {
			isa = XCConfigurationList;
			buildConfigurations = (
				CE1934FD258A44280040F3F0 /* Debug */,
				CE1934FE258A44280040F3F0 /* Release */,
			);
			defaultConfigurationIsVisible = 0;
			defaultConfigurationName = Release;
		};
		CE1934FF258A44280040F3F0 /* Build configuration list for PBXNativeTarget "swoosh" */ = {
			isa = XCConfigurationList;
			buildConfigurations = (
				CE193500258A44280040F3F0 /* Debug */,
				CE193501258A44280040F3F0 /* Release */,
			);
			defaultConfigurationIsVisible = 0;
			defaultConfigurationName = Release;
		};
		CE193502258A44280040F3F0 /* Build configuration list for PBXNativeTarget "swooshTests" */ = {
			isa = XCConfigurationList;
			buildConfigurations = (
				CE193503258A44280040F3F0 /* Debug */,
				CE193504258A44280040F3F0 /* Release */,
			);
			defaultConfigurationIsVisible = 0;
			defaultConfigurationName = Release;
		};
		CE193505258A44280040F3F0 /* Build configuration list for PBXNativeTarget "swooshUITests" */ = {
			isa = XCConfigurationList;
			buildConfigurations = (
				CE193506258A44280040F3F0 /* Debug */,
				CE193507258A44280040F3F0 /* Release */,
			);
			defaultConfigurationIsVisible = 0;
			defaultConfigurationName = Release;
		};
/* End XCConfigurationList section */
	};
	rootObject = CE1934CD258A44230040F3F0 /* Project object */;
}
